
Microsoft Visual Studio Solution File, Format Version 12.00
# Visual Studio 15
VisualStudioVersion = 15.0.26228.12
MinimumVisualStudioVersion = 10.0.40219.1
Project("{FAE04EC0-301F-11D3-BF4B-00C04F79EFBC}") = "ConstructionEquipmentsSol", "ConstructionEquipmentsSol\ConstructionEquipmentsSol.csproj", "{6EB7E6A0-B8F8-41FE-B915-2132ED0C366F}"
EndProject
Project("{FAE04EC0-301F-11D3-BF4B-00C04F79EFBC}") = "ConstructoShopUnitTest", "ConstructoShopUnitTest\ConstructoShopUnitTest.csproj", "{161B6316-EC77-4F89-8415-D8B5DF5D0928}"
EndProject
Project("{FAE04EC0-301F-11D3-BF4B-00C04F79EFBC}") = "Accounts", "Accounts\Accounts.csproj", "{A64EBBEC-66B4-4A9A-AE02-D95552CE51FD}"
EndProject
Global
	GlobalSection(SolutionConfigurationPlatforms) = preSolution
		Debug|Any CPU = Debug|Any CPU
		Release|Any CPU = Release|Any CPU
	EndGlobalSection
	GlobalSection(ProjectConfigurationPlatforms) = postSolution
		{6EB7E6A0-B8F8-41FE-B915-2132ED0C366F}.Debug|Any CPU.ActiveCfg = Debug|Any CPU
		{6EB7E6A0-B8F8-41FE-B915-2132ED0C366F}.Debug|Any CPU.Build.0 = Debug|Any CPU
		{6EB7E6A0-B8F8-41FE-B915-2132ED0C366F}.Release|Any CPU.ActiveCfg = Release|Any CPU
		{6EB7E6A0-B8F8-41FE-B915-2132ED0C366F}.Release|Any CPU.Build.0 = Release|Any CPU
		{161B6316-EC77-4F89-8415-D8B5DF5D0928}.Debug|Any CPU.ActiveCfg = Debug|Any CPU
		{161B6316-EC77-4F89-8415-D8B5DF5D0928}.Debug|Any CPU.Build.0 = Debug|Any CPU
		{161B6316-EC77-4F89-8415-D8B5DF5D0928}.Release|Any CPU.ActiveCfg = Release|Any CPU
		{161B6316-EC77-4F89-8415-D8B5DF5D0928}.Release|Any CPU.Build.0 = Release|Any CPU
		{A64EBBEC-66B4-4A9A-AE02-D95552CE51FD}.Debug|Any CPU.ActiveCfg = Debug|Any CPU
		{A64EBBEC-66B4-4A9A-AE02-D95552CE51FD}.Debug|Any CPU.Build.0 = Debug|Any CPU
		{A64EBBEC-66B4-4A9A-AE02-D95552CE51FD}.Release|Any CPU.ActiveCfg = Release|Any CPU
		{A64EBBEC-66B4-4A9A-AE02-D95552CE51FD}.Release|Any CPU.Build.0 = Release|Any CPU
	EndGlobalSection
	GlobalSection(SolutionProperties) = preSolution
		HideSolutionNode = FALSE
	EndGlobalSection
EndGlobal
